
Microsoft Visual Studio Solution File, Format Version 12.00
# Visual Studio 2013
VisualStudioVersion = 12.0.31101.0
MinimumVisualStudioVersion = 10.0.40219.1
Project("{FAE04EC0-301F-11D3-BF4B-00C04F79EFBC}") = "FoodShop", "FoodShop\FoodShop.csproj", "{F03B295B-2856-40A9-82AA-5C1A6CC0E1BB}"
EndProject
Global
	GlobalSection(SolutionConfigurationPlatforms) = preSolution
		Debug|Any CPU = Debug|Any CPU
		Release|Any CPU = Release|Any CPU
	EndGlobalSection
	GlobalSection(ProjectConfigurationPlatforms) = postSolution
		{F03B295B-2856-40A9-82AA-5C1A6CC0E1BB}.Debug|Any CPU.ActiveCfg = Debug|Any CPU
		{F03B295B-2856-40A9-82AA-5C1A6CC0E1BB}.Debug|Any CPU.Build.0 = Debug|Any CPU
		{F03B295B-2856-40A9-82AA-5C1A6CC0E1BB}.Release|Any CPU.ActiveCfg = Release|Any CPU
		{F03B295B-2856-40A9-82AA-5C1A6CC0E1BB}.Release|Any CPU.Build.0 = Release|Any CPU
	EndGlobalSection
	GlobalSection(SolutionProperties) = preSolution
		HideSolutionNode = FALSE
	EndGlobalSection
EndGlobal
